// !$*UTF8*$!
{
	archiveVersion = 1;
	classes = {
	};
	objectVersion = 50;
	objects = {

/* Begin PBXBuildFile section */
		805363C5DFA69842546797EF /* Pods_DouYu.framework in Frameworks */ = {isa = PBXBuildFile; fileRef = DA5E8753DFE0696C56EBD56D /* Pods_DouYu.framework */; };
		8EA7E38D220EAAF500C1A1B4 /* AppDelegate.swift in Sources */ = {isa = PBXBuildFile; fileRef = 8EA7E38C220EAAF500C1A1B4 /* AppDelegate.swift */; };
		8EA7E394220EAAF700C1A1B4 /* Assets.xcassets in Resources */ = {isa = PBXBuildFile; fileRef = 8EA7E393220EAAF700C1A1B4 /* Assets.xcassets */; };
		8EA7E397220EAAF700C1A1B4 /* LaunchScreen.storyboard in Resources */ = {isa = PBXBuildFile; fileRef = 8EA7E395220EAAF700C1A1B4 /* LaunchScreen.storyboard */; };
		8EA7E3A2220EAAF700C1A1B4 /* DouYuTests.swift in Sources */ = {isa = PBXBuildFile; fileRef = 8EA7E3A1220EAAF700C1A1B4 /* DouYuTests.swift */; };
		8EA7E3AD220EAAF800C1A1B4 /* DouYuUITests.swift in Sources */ = {isa = PBXBuildFile; fileRef = 8EA7E3AC220EAAF800C1A1B4 /* DouYuUITests.swift */; };
		8EC355B222563DB1006FECAB /* DYTabBarController.swift in Sources */ = {isa = PBXBuildFile; fileRef = 8EC355B122563DB1006FECAB /* DYTabBarController.swift */; };
		8EC355B422563EA0006FECAB /* DYNavigationController.swift in Sources */ = {isa = PBXBuildFile; fileRef = 8EC355B322563EA0006FECAB /* DYNavigationController.swift */; };
		8EC355B622564156006FECAB /* DYBaseViewController.swift in Sources */ = {isa = PBXBuildFile; fileRef = 8EC355B522564156006FECAB /* DYBaseViewController.swift */; };
		8EC355B822564172006FECAB /* DYHomeViewController.swift in Sources */ = {isa = PBXBuildFile; fileRef = 8EC355B722564172006FECAB /* DYHomeViewController.swift */; };
		8EC355BA2256417C006FECAB /* DYLiveViewController.swift in Sources */ = {isa = PBXBuildFile; fileRef = 8EC355B92256417C006FECAB /* DYLiveViewController.swift */; };
		8EC355BC22564189006FECAB /* DYFollowViewController.swift in Sources */ = {isa = PBXBuildFile; fileRef = 8EC355BB22564189006FECAB /* DYFollowViewController.swift */; };
		8EC355BE22564191006FECAB /* DYMineViewController.swift in Sources */ = {isa = PBXBuildFile; fileRef = 8EC355BD22564191006FECAB /* DYMineViewController.swift */; };
		8EC355C12256507C006FECAB /* DYPrefixHeader.swift in Sources */ = {isa = PBXBuildFile; fileRef = 8EC355BF22564DA8006FECAB /* DYPrefixHeader.swift */; };
		8EC355C322566635006FECAB /* DYGameViewController.swift in Sources */ = {isa = PBXBuildFile; fileRef = 8EC355C222566635006FECAB /* DYGameViewController.swift */; };
		8EC355C5225C6231006FECAB /* DYBaseTableViewController.swift in Sources */ = {isa = PBXBuildFile; fileRef = 8EC355C4225C6231006FECAB /* DYBaseTableViewController.swift */; };
		8EC355C9225CA4FB006FECAB /* DYNetworkTools.swift in Sources */ = {isa = PBXBuildFile; fileRef = 8EC355C8225CA4FB006FECAB /* DYNetworkTools.swift */; };
/* End PBXBuildFile section */

/* Begin PBXContainerItemProxy section */
		8EA7E39E220EAAF700C1A1B4 /* PBXContainerItemProxy */ = {
			isa = PBXContainerItemProxy;
			containerPortal = 8EA7E381220EAAF500C1A1B4 /* Project object */;
			proxyType = 1;
			remoteGlobalIDString = 8EA7E388220EAAF500C1A1B4;
			remoteInfo = DouYu;
		};
		8EA7E3A9220EAAF800C1A1B4 /* PBXContainerItemProxy */ = {
			isa = PBXContainerItemProxy;
			containerPortal = 8EA7E381220EAAF500C1A1B4 /* Project object */;
			proxyType = 1;
			remoteGlobalIDString = 8EA7E388220EAAF500C1A1B4;
			remoteInfo = DouYu;
		};
/* End PBXContainerItemProxy section */

/* Begin PBXFileReference section */
		25665CE32E83DB3DDD67C682 /* Pods-DouYu.debug.xcconfig */ = {isa = PBXFileReference; includeInIndex = 1; lastKnownFileType = text.xcconfig; name = "Pods-DouYu.debug.xcconfig"; path = "Target Support Files/Pods-DouYu/Pods-DouYu.debug.xcconfig"; sourceTree = "<group>"; };
		3331DC0F88305A58E4E0A888 /* Pods-DouYu.debug.xcconfig */ = {isa = PBXFileReference; includeInIndex = 1; lastKnownFileType = text.xcconfig; name = "Pods-DouYu.debug.xcconfig"; path = "Pods/Target Support Files/Pods-DouYu/Pods-DouYu.debug.xcconfig"; sourceTree = "<group>"; };
		4E4D0E32935EAF15AFCF730F /* Pods-DouYu.release.xcconfig */ = {isa = PBXFileReference; includeInIndex = 1; lastKnownFileType = text.xcconfig; name = "Pods-DouYu.release.xcconfig"; path = "Target Support Files/Pods-DouYu/Pods-DouYu.release.xcconfig"; sourceTree = "<group>"; };
		8EA7E389220EAAF500C1A1B4 /* DouYu.app */ = {isa = PBXFileReference; explicitFileType = wrapper.application; includeInIndex = 0; path = DouYu.app; sourceTree = BUILT_PRODUCTS_DIR; };
		8EA7E38C220EAAF500C1A1B4 /* AppDelegate.swift */ = {isa = PBXFileReference; lastKnownFileType = sourcecode.swift; path = AppDelegate.swift; sourceTree = "<group>"; };
		8EA7E393220EAAF700C1A1B4 /* Assets.xcassets */ = {isa = PBXFileReference; lastKnownFileType = folder.assetcatalog; path = Assets.xcassets; sourceTree = "<group>"; };
		8EA7E396220EAAF700C1A1B4 /* Base */ = {isa = PBXFileReference; lastKnownFileType = file.storyboard; name = Base; path = Base.lproj/LaunchScreen.storyboard; sourceTree = "<group>"; };
		8EA7E398220EAAF700C1A1B4 /* Info.plist */ = {isa = PBXFileReference; lastKnownFileType = text.plist.xml; path = Info.plist; sourceTree = "<group>"; };
		8EA7E39D220EAAF700C1A1B4 /* DouYuTests.xctest */ = {isa = PBXFileReference; explicitFileType = wrapper.cfbundle; includeInIndex = 0; path = DouYuTests.xctest; sourceTree = BUILT_PRODUCTS_DIR; };
		8EA7E3A1220EAAF700C1A1B4 /* DouYuTests.swift */ = {isa = PBXFileReference; lastKnownFileType = sourcecode.swift; path = DouYuTests.swift; sourceTree = "<group>"; };
		8EA7E3A3220EAAF700C1A1B4 /* Info.plist */ = {isa = PBXFileReference; lastKnownFileType = text.plist.xml; path = Info.plist; sourceTree = "<group>"; };
		8EA7E3A8220EAAF800C1A1B4 /* DouYuUITests.xctest */ = {isa = PBXFileReference; explicitFileType = wrapper.cfbundle; includeInIndex = 0; path = DouYuUITests.xctest; sourceTree = BUILT_PRODUCTS_DIR; };
		8EA7E3AC220EAAF800C1A1B4 /* DouYuUITests.swift */ = {isa = PBXFileReference; lastKnownFileType = sourcecode.swift; path = DouYuUITests.swift; sourceTree = "<group>"; };
		8EA7E3AE220EAAF800C1A1B4 /* Info.plist */ = {isa = PBXFileReference; lastKnownFileType = text.plist.xml; path = Info.plist; sourceTree = "<group>"; };
		8EC355B122563DB1006FECAB /* DYTabBarController.swift */ = {isa = PBXFileReference; lastKnownFileType = sourcecode.swift; path = DYTabBarController.swift; sourceTree = "<group>"; };
		8EC355B322563EA0006FECAB /* DYNavigationController.swift */ = {isa = PBXFileReference; lastKnownFileType = sourcecode.swift; path = DYNavigationController.swift; sourceTree = "<group>"; };
		8EC355B522564156006FECAB /* DYBaseViewController.swift */ = {isa = PBXFileReference; lastKnownFileType = sourcecode.swift; path = DYBaseViewController.swift; sourceTree = "<group>"; };
		8EC355B722564172006FECAB /* DYHomeViewController.swift */ = {isa = PBXFileReference; lastKnownFileType = sourcecode.swift; path = DYHomeViewController.swift; sourceTree = "<group>"; };
		8EC355B92256417C006FECAB /* DYLiveViewController.swift */ = {isa = PBXFileReference; lastKnownFileType = sourcecode.swift; path = DYLiveViewController.swift; sourceTree = "<group>"; };
		8EC355BB22564189006FECAB /* DYFollowViewController.swift */ = {isa = PBXFileReference; lastKnownFileType = sourcecode.swift; path = DYFollowViewController.swift; sourceTree = "<group>"; };
		8EC355BD22564191006FECAB /* DYMineViewController.swift */ = {isa = PBXFileReference; lastKnownFileType = sourcecode.swift; path = DYMineViewController.swift; sourceTree = "<group>"; };
		8EC355BF22564DA8006FECAB /* DYPrefixHeader.swift */ = {isa = PBXFileReference; lastKnownFileType = sourcecode.swift; path = DYPrefixHeader.swift; sourceTree = "<group>"; };
		8EC355C222566635006FECAB /* DYGameViewController.swift */ = {isa = PBXFileReference; lastKnownFileType = sourcecode.swift; path = DYGameViewController.swift; sourceTree = "<group>"; };
		8EC355C4225C6231006FECAB /* DYBaseTableViewController.swift */ = {isa = PBXFileReference; lastKnownFileType = sourcecode.swift; path = DYBaseTableViewController.swift; sourceTree = "<group>"; };
		8EC355C8225CA4FB006FECAB /* DYNetworkTools.swift */ = {isa = PBXFileReference; lastKnownFileType = sourcecode.swift; path = DYNetworkTools.swift; sourceTree = "<group>"; };
		DA5E8753DFE0696C56EBD56D /* Pods_DouYu.framework */ = {isa = PBXFileReference; explicitFileType = wrapper.framework; includeInIndex = 0; path = Pods_DouYu.framework; sourceTree = BUILT_PRODUCTS_DIR; };
		EF60D93946065EEDED8FE0A3 /* Pods-DouYu.release.xcconfig */ = {isa = PBXFileReference; includeInIndex = 1; lastKnownFileType = text.xcconfig; name = "Pods-DouYu.release.xcconfig"; path = "Pods/Target Support Files/Pods-DouYu/Pods-DouYu.release.xcconfig"; sourceTree = "<group>"; };
/* End PBXFileReference section */

/* Begin PBXFrameworksBuildPhase section */
		8EA7E386220EAAF500C1A1B4 /* Frameworks */ = {
			isa = PBXFrameworksBuildPhase;
			buildActionMask = 2147483647;
			files = (
				805363C5DFA69842546797EF /* Pods_DouYu.framework in Frameworks */,
			);
			runOnlyForDeploymentPostprocessing = 0;
		};
		8EA7E39A220EAAF700C1A1B4 /* Frameworks */ = {
			isa = PBXFrameworksBuildPhase;
			buildActionMask = 2147483647;
			files = (
			);
			runOnlyForDeploymentPostprocessing = 0;
		};
		8EA7E3A5220EAAF800C1A1B4 /* Frameworks */ = {
			isa = PBXFrameworksBuildPhase;
			buildActionMask = 2147483647;
			files = (
			);
			runOnlyForDeploymentPostprocessing = 0;
		};
/* End PBXFrameworksBuildPhase section */

/* Begin PBXGroup section */
		8EA7E380220EAAF500C1A1B4 = {
			isa = PBXGroup;
			children = (
				8EA7E38B220EAAF500C1A1B4 /* DouYu */,
				8EA7E3A0220EAAF700C1A1B4 /* DouYuTests */,
				8EA7E3AB220EAAF800C1A1B4 /* DouYuUITests */,
				8EA7E38A220EAAF500C1A1B4 /* Products */,
				91B068A23E9FDDF5425FFEAE /* Pods */,
				B26ABC40E85043D447168648 /* Frameworks */,
			);
			sourceTree = "<group>";
		};
		8EA7E38A220EAAF500C1A1B4 /* Products */ = {
			isa = PBXGroup;
			children = (
				8EA7E389220EAAF500C1A1B4 /* DouYu.app */,
				8EA7E39D220EAAF700C1A1B4 /* DouYuTests.xctest */,
				8EA7E3A8220EAAF800C1A1B4 /* DouYuUITests.xctest */,
			);
			name = Products;
			sourceTree = "<group>";
		};
		8EA7E38B220EAAF500C1A1B4 /* DouYu */ = {
			isa = PBXGroup;
			children = (
				8EC355AD2256366E006FECAB /* Classes */,
				8EA7E38C220EAAF500C1A1B4 /* AppDelegate.swift */,
				8EA7E393220EAAF700C1A1B4 /* Assets.xcassets */,
				8EA7E395220EAAF700C1A1B4 /* LaunchScreen.storyboard */,
				8EA7E398220EAAF700C1A1B4 /* Info.plist */,
			);
			path = DouYu;
			sourceTree = "<group>";
		};
		8EA7E3A0220EAAF700C1A1B4 /* DouYuTests */ = {
			isa = PBXGroup;
			children = (
				8EA7E3A1220EAAF700C1A1B4 /* DouYuTests.swift */,
				8EA7E3A3220EAAF700C1A1B4 /* Info.plist */,
			);
			path = DouYuTests;
			sourceTree = "<group>";
		};
		8EA7E3AB220EAAF800C1A1B4 /* DouYuUITests */ = {
			isa = PBXGroup;
			children = (
				8EA7E3AC220EAAF800C1A1B4 /* DouYuUITests.swift */,
				8EA7E3AE220EAAF800C1A1B4 /* Info.plist */,
			);
			path = DouYuUITests;
			sourceTree = "<group>";
		};
		8EC355A6225633E6006FECAB /* Main */ = {
			isa = PBXGroup;
			children = (
				8EC355B02256379F006FECAB /* ViewModel */,
				8EC355AF22563799006FECAB /* Model */,
				8EC355AE22563792006FECAB /* View */,
				8EC355A722563502006FECAB /* Controller */,
			);
			path = Main;
			sourceTree = "<group>";
		};
		8EC355A722563502006FECAB /* Controller */ = {
			isa = PBXGroup;
			children = (
				8EC355B122563DB1006FECAB /* DYTabBarController.swift */,
				8EC355B322563EA0006FECAB /* DYNavigationController.swift */,
				8EC355B522564156006FECAB /* DYBaseViewController.swift */,
				8EC355C4225C6231006FECAB /* DYBaseTableViewController.swift */,
			);
			path = Controller;
			sourceTree = "<group>";
		};
		8EC355A82256351E006FECAB /* Home */ = {
			isa = PBXGroup;
			children = (
				8EC355B722564172006FECAB /* DYHomeViewController.swift */,
				8EC355C222566635006FECAB /* DYGameViewController.swift */,
			);
			path = Home;
			sourceTree = "<group>";
		};
		8EC355A922563526006FECAB /* Live */ = {
			isa = PBXGroup;
			children = (
				8EC355B92256417C006FECAB /* DYLiveViewController.swift */,
			);
			path = Live;
			sourceTree = "<group>";
		};
		8EC355AA2256352E006FECAB /* Follow */ = {
			isa = PBXGroup;
			children = (
				8EC355BB22564189006FECAB /* DYFollowViewController.swift */,
			);
			path = Follow;
			sourceTree = "<group>";
		};
		8EC355AB22563546006FECAB /* Mine */ = {
			isa = PBXGroup;
			children = (
				8EC355BD22564191006FECAB /* DYMineViewController.swift */,
			);
			path = Mine;
			sourceTree = "<group>";
		};
		8EC355AC22563588006FECAB /* Tools */ = {
			isa = PBXGroup;
			children = (
				8EC355BF22564DA8006FECAB /* DYPrefixHeader.swift */,
				8EC355C8225CA4FB006FECAB /* DYNetworkTools.swift */,
			);
			path = Tools;
			sourceTree = "<group>";
		};
		8EC355AD2256366E006FECAB /* Classes */ = {
			isa = PBXGroup;
			children = (
				8EC355A6225633E6006FECAB /* Main */,
				8EC355A82256351E006FECAB /* Home */,
				8EC355A922563526006FECAB /* Live */,
				8EC355AA2256352E006FECAB /* Follow */,
				8EC355AB22563546006FECAB /* Mine */,
				8EC355AC22563588006FECAB /* Tools */,
			);
			path = Classes;
			sourceTree = "<group>";
		};
		8EC355AE22563792006FECAB /* View */ = {
			isa = PBXGroup;
			children = (
			);
			path = View;
			sourceTree = "<group>";
		};
		8EC355AF22563799006FECAB /* Model */ = {
			isa = PBXGroup;
			children = (
			);
			path = Model;
			sourceTree = "<group>";
		};
		8EC355B02256379F006FECAB /* ViewModel */ = {
			isa = PBXGroup;
			children = (
			);
			path = ViewModel;
			sourceTree = "<group>";
		};
		91B068A23E9FDDF5425FFEAE /* Pods */ = {
			isa = PBXGroup;
			children = (
				25665CE32E83DB3DDD67C682 /* Pods-DouYu.debug.xcconfig */,
				4E4D0E32935EAF15AFCF730F /* Pods-DouYu.release.xcconfig */,
				3331DC0F88305A58E4E0A888 /* Pods-DouYu.debug.xcconfig */,
				EF60D93946065EEDED8FE0A3 /* Pods-DouYu.release.xcconfig */,
			);
			path = Pods;
			sourceTree = "<group>";
		};
		B26ABC40E85043D447168648 /* Frameworks */ = {
			isa = PBXGroup;
			children = (
				DA5E8753DFE0696C56EBD56D /* Pods_DouYu.framework */,
			);
			name = Frameworks;
			sourceTree = "<group>";
		};
/* End PBXGroup section */

/* Begin PBXNativeTarget section */
		8EA7E388220EAAF500C1A1B4 /* DouYu */ = {
			isa = PBXNativeTarget;
			buildConfigurationList = 8EA7E3B1220EAAF800C1A1B4 /* Build configuration list for PBXNativeTarget "DouYu" */;
			buildPhases = (
				2D1C28DD3FE848FB4B9944BC /* [CP] Check Pods Manifest.lock */,
				8EA7E385220EAAF500C1A1B4 /* Sources */,
				8EA7E386220EAAF500C1A1B4 /* Frameworks */,
				8EA7E387220EAAF500C1A1B4 /* Resources */,
				7FA05D7CADEA08A71FDDA076 /* [CP] Embed Pods Frameworks */,
			);
			buildRules = (
			);
			dependencies = (
			);
			name = DouYu;
			productName = DouYu;
			productReference = 8EA7E389220EAAF500C1A1B4 /* DouYu.app */;
			productType = "com.apple.product-type.application";
		};
		8EA7E39C220EAAF700C1A1B4 /* DouYuTests */ = {
			isa = PBXNativeTarget;
			buildConfigurationList = 8EA7E3B4220EAAF800C1A1B4 /* Build configuration list for PBXNativeTarget "DouYuTests" */;
			buildPhases = (
				8EA7E399220EAAF700C1A1B4 /* Sources */,
				8EA7E39A220EAAF700C1A1B4 /* Frameworks */,
				8EA7E39B220EAAF700C1A1B4 /* Resources */,
			);
			buildRules = (
			);
			dependencies = (
				8EA7E39F220EAAF700C1A1B4 /* PBXTargetDependency */,
			);
			name = DouYuTests;
			productName = DouYuTests;
			productReference = 8EA7E39D220EAAF700C1A1B4 /* DouYuTests.xctest */;
			productType = "com.apple.product-type.bundle.unit-test";
		};
		8EA7E3A7220EAAF800C1A1B4 /* DouYuUITests */ = {
			isa = PBXNativeTarget;
			buildConfigurationList = 8EA7E3B7220EAAF800C1A1B4 /* Build configuration list for PBXNativeTarget "DouYuUITests" */;
			buildPhases = (
				8EA7E3A4220EAAF800C1A1B4 /* Sources */,
				8EA7E3A5220EAAF800C1A1B4 /* Frameworks */,
				8EA7E3A6220EAAF800C1A1B4 /* Resources */,
			);
			buildRules = (
			);
			dependencies = (
				8EA7E3AA220EAAF800C1A1B4 /* PBXTargetDependency */,
			);
			name = DouYuUITests;
			productName = DouYuUITests;
			productReference = 8EA7E3A8220EAAF800C1A1B4 /* DouYuUITests.xctest */;
			productType = "com.apple.product-type.bundle.ui-testing";
		};
/* End PBXNativeTarget section */

/* Begin PBXProject section */
		8EA7E381220EAAF500C1A1B4 /* Project object */ = {
			isa = PBXProject;
			attributes = {
				CLASSPREFIX = DY;
				LastSwiftUpdateCheck = 1010;
				LastUpgradeCheck = 1010;
				ORGANIZATIONNAME = zhunjiee;
				TargetAttributes = {
					8EA7E388220EAAF500C1A1B4 = {
						CreatedOnToolsVersion = 10.1;
					};
					8EA7E39C220EAAF700C1A1B4 = {
						CreatedOnToolsVersion = 10.1;
						TestTargetID = 8EA7E388220EAAF500C1A1B4;
					};
					8EA7E3A7220EAAF800C1A1B4 = {
						CreatedOnToolsVersion = 10.1;
						TestTargetID = 8EA7E388220EAAF500C1A1B4;
					};
				};
			};
			buildConfigurationList = 8EA7E384220EAAF500C1A1B4 /* Build configuration list for PBXProject "DouYu" */;
			compatibilityVersion = "Xcode 9.3";
			developmentRegion = en;
			hasScannedForEncodings = 0;
			knownRegions = (
				en,
				Base,
			);
			mainGroup = 8EA7E380220EAAF500C1A1B4;
			productRefGroup = 8EA7E38A220EAAF500C1A1B4 /* Products */;
			projectDirPath = "";
			projectRoot = "";
			targets = (
				8EA7E388220EAAF500C1A1B4 /* DouYu */,
				8EA7E39C220EAAF700C1A1B4 /* DouYuTests */,
				8EA7E3A7220EAAF800C1A1B4 /* DouYuUITests */,
			);
		};
/* End PBXProject section */

/* Begin PBXResourcesBuildPhase section */
		8EA7E387220EAAF500C1A1B4 /* Resources */ = {
			isa = PBXResourcesBuildPhase;
			buildActionMask = 2147483647;
			files = (
				8EA7E397220EAAF700C1A1B4 /* LaunchScreen.storyboard in Resources */,
				8EA7E394220EAAF700C1A1B4 /* Assets.xcassets in Resources */,
			);
			runOnlyForDeploymentPostprocessing = 0;
		};
		8EA7E39B220EAAF700C1A1B4 /* Resources */ = {
			isa = PBXResourcesBuildPhase;
			buildActionMask = 2147483647;
			files = (
			);
			runOnlyForDeploymentPostprocessing = 0;
		};
		8EA7E3A6220EAAF800C1A1B4 /* Resources */ = {
			isa = PBXResourcesBuildPhase;
			buildActionMask = 2147483647;
			files = (
			);
			runOnlyForDeploymentPostprocessing = 0;
		};
/* End PBXResourcesBuildPhase section */

/* Begin PBXShellScriptBuildPhase section */
		2D1C28DD3FE848FB4B9944BC /* [CP] Check Pods Manifest.lock */ = {
			isa = PBXShellScriptBuildPhase;
			buildActionMask = 2147483647;
			files = (
			);
			inputFileListPaths = (
			);
			inputPaths = (
				"${PODS_PODFILE_DIR_PATH}/Podfile.lock",
				"${PODS_ROOT}/Manifest.lock",
			);
			name = "[CP] Check Pods Manifest.lock";
			outputFileListPaths = (
			);
			outputPaths = (
				"$(DERIVED_FILE_DIR)/Pods-DouYu-checkManifestLockResult.txt",
			);
			runOnlyForDeploymentPostprocessing = 0;
			shellPath = /bin/sh;
			shellScript = "diff \"${PODS_PODFILE_DIR_PATH}/Podfile.lock\" \"${PODS_ROOT}/Manifest.lock\" > /dev/null\nif [ $? != 0 ] ; then\n    # print error to STDERR\n    echo \"error: The sandbox is not in sync with the Podfile.lock. Run 'pod install' or update your CocoaPods installation.\" >&2\n    exit 1\nfi\n# This output is used by Xcode 'outputs' to avoid re-running this script phase.\necho \"SUCCESS\" > \"${SCRIPT_OUTPUT_FILE_0}\"\n";
			showEnvVarsInLog = 0;
		};
		7FA05D7CADEA08A71FDDA076 /* [CP] Embed Pods Frameworks */ = {
			isa = PBXShellScriptBuildPhase;
			buildActionMask = 2147483647;
			files = (
			);
			inputFileListPaths = (
			);
			inputPaths = (
				"${SRCROOT}/Pods/Target Support Files/Pods-DouYu/Pods-DouYu-frameworks.sh",
				"${BUILT_PRODUCTS_DIR}/Alamofire/Alamofire.framework",
			);
			name = "[CP] Embed Pods Frameworks";
			outputFileListPaths = (
			);
			outputPaths = (
				"${TARGET_BUILD_DIR}/${FRAMEWORKS_FOLDER_PATH}/Alamofire.framework",
			);
			runOnlyForDeploymentPostprocessing = 0;
			shellPath = /bin/sh;
			shellScript = "\"${SRCROOT}/Pods/Target Support Files/Pods-DouYu/Pods-DouYu-frameworks.sh\"\n";
			showEnvVarsInLog = 0;
		};
/* End PBXShellScriptBuildPhase section */

/* Begin PBXSourcesBuildPhase section */
		8EA7E385220EAAF500C1A1B4 /* Sources */ = {
			isa = PBXSourcesBuildPhase;
			buildActionMask = 2147483647;
			files = (
				8EC355B822564172006FECAB /* DYHomeViewController.swift in Sources */,
				8EC355C322566635006FECAB /* DYGameViewController.swift in Sources */,
				8EC355B622564156006FECAB /* DYBaseViewController.swift in Sources */,
				8EC355C9225CA4FB006FECAB /* DYNetworkTools.swift in Sources */,
				8EC355BE22564191006FECAB /* DYMineViewController.swift in Sources */,
				8EC355C12256507C006FECAB /* DYPrefixHeader.swift in Sources */,
				8EC355B222563DB1006FECAB /* DYTabBarController.swift in Sources */,
				8EC355BA2256417C006FECAB /* DYLiveViewController.swift in Sources */,
				8EA7E38D220EAAF500C1A1B4 /* AppDelegate.swift in Sources */,
				8EC355B422563EA0006FECAB /* DYNavigationController.swift in Sources */,
				8EC355C5225C6231006FECAB /* DYBaseTableViewController.swift in Sources */,
				8EC355BC22564189006FECAB /* DYFollowViewController.swift in Sources */,
			);
			runOnlyForDeploymentPostprocessing = 0;
		};
		8EA7E399220EAAF700C1A1B4 /* Sources */ = {
			isa = PBXSourcesBuildPhase;
			buildActionMask = 2147483647;
			files = (
				8EA7E3A2220EAAF700C1A1B4 /* DouYuTests.swift in Sources */,
			);
			runOnlyForDeploymentPostprocessing = 0;
		};
		8EA7E3A4220EAAF800C1A1B4 /* Sources */ = {
			isa = PBXSourcesBuildPhase;
			buildActionMask = 2147483647;
			files = (
				8EA7E3AD220EAAF800C1A1B4 /* DouYuUITests.swift in Sources */,
			);
			runOnlyForDeploymentPostprocessing = 0;
		};
/* End PBXSourcesBuildPhase section */

/* Begin PBXTargetDependency section */
		8EA7E39F220EAAF700C1A1B4 /* PBXTargetDependency */ = {
			isa = PBXTargetDependency;
			target = 8EA7E388220EAAF500C1A1B4 /* DouYu */;
			targetProxy = 8EA7E39E220EAAF700C1A1B4 /* PBXContainerItemProxy */;
		};
		8EA7E3AA220EAAF800C1A1B4 /* PBXTargetDependency */ = {
			isa = PBXTargetDependency;
			target = 8EA7E388220EAAF500C1A1B4 /* DouYu */;
			targetProxy = 8EA7E3A9220EAAF800C1A1B4 /* PBXContainerItemProxy */;
		};
/* End PBXTargetDependency section */

/* Begin PBXVariantGroup section */
		8EA7E395220EAAF700C1A1B4 /* LaunchScreen.storyboard */ = {
			isa = PBXVariantGroup;
			children = (
				8EA7E396220EAAF700C1A1B4 /* Base */,
			);
			name = LaunchScreen.storyboard;
			sourceTree = "<group>";
		};
/* End PBXVariantGroup section */

/* Begin XCBuildConfiguration section */
		8EA7E3AF220EAAF800C1A1B4 /* Debug */ = {
			isa = XCBuildConfiguration;
			buildSettings = {
				ALWAYS_SEARCH_USER_PATHS = NO;
				CLANG_ANALYZER_NONNULL = YES;
				CLANG_ANALYZER_NUMBER_OBJECT_CONVERSION = YES_AGGRESSIVE;
				CLANG_CXX_LANGUAGE_STANDARD = "gnu++14";
				CLANG_CXX_LIBRARY = "libc++";
				CLANG_ENABLE_MODULES = YES;
				CLANG_ENABLE_OBJC_ARC = YES;
				CLANG_ENABLE_OBJC_WEAK = YES;
				CLANG_WARN_BLOCK_CAPTURE_AUTORELEASING = YES;
				CLANG_WARN_BOOL_CONVERSION = YES;
				CLANG_WARN_COMMA = YES;
				CLANG_WARN_CONSTANT_CONVERSION = YES;
				CLANG_WARN_DEPRECATED_OBJC_IMPLEMENTATIONS = YES;
				CLANG_WARN_DIRECT_OBJC_ISA_USAGE = YES_ERROR;
				CLANG_WARN_DOCUMENTATION_COMMENTS = YES;
				CLANG_WARN_EMPTY_BODY = YES;
				CLANG_WARN_ENUM_CONVERSION = YES;
				CLANG_WARN_INFINITE_RECURSION = YES;
				CLANG_WARN_INT_CONVERSION = YES;
				CLANG_WARN_NON_LITERAL_NULL_CONVERSION = YES;
				CLANG_WARN_OBJC_IMPLICIT_RETAIN_SELF = YES;
				CLANG_WARN_OBJC_LITERAL_CONVERSION = YES;
				CLANG_WARN_OBJC_ROOT_CLASS = YES_ERROR;
				CLANG_WARN_RANGE_LOOP_ANALYSIS = YES;
				CLANG_WARN_STRICT_PROTOTYPES = YES;
				CLANG_WARN_SUSPICIOUS_MOVE = YES;
				CLANG_WARN_UNGUARDED_AVAILABILITY = YES_AGGRESSIVE;
				CLANG_WARN_UNREACHABLE_CODE = YES;
				CLANG_WARN__DUPLICATE_METHOD_MATCH = YES;
				CODE_SIGN_IDENTITY = "iPhone Developer";
				COPY_PHASE_STRIP = NO;
				DEBUG_INFORMATION_FORMAT = dwarf;
				ENABLE_STRICT_OBJC_MSGSEND = YES;
				ENABLE_TESTABILITY = YES;
				GCC_C_LANGUAGE_STANDARD = gnu11;
				GCC_DYNAMIC_NO_PIC = NO;
				GCC_NO_COMMON_BLOCKS = YES;
				GCC_OPTIMIZATION_LEVEL = 0;
				GCC_PREPROCESSOR_DEFINITIONS = (
					"DEBUG=1",
					"$(inherited)",
				);
				GCC_WARN_64_TO_32_BIT_CONVERSION = YES;
				GCC_WARN_ABOUT_RETURN_TYPE = YES_ERROR;
				GCC_WARN_UNDECLARED_SELECTOR = YES;
				GCC_WARN_UNINITIALIZED_AUTOS = YES_AGGRESSIVE;
				GCC_WARN_UNUSED_FUNCTION = YES;
				GCC_WARN_UNUSED_VARIABLE = YES;
				IPHONEOS_DEPLOYMENT_TARGET = 12.1;
				MTL_ENABLE_DEBUG_INFO = INCLUDE_SOURCE;
				MTL_FAST_MATH = YES;
				ONLY_ACTIVE_ARCH = YES;
				SDKROOT = iphoneos;
				SWIFT_ACTIVE_COMPILATION_CONDITIONS = DEBUG;
				SWIFT_OPTIMIZATION_LEVEL = "-Onone";
			};
			name = Debug;
		};
		8EA7E3B0220EAAF800C1A1B4 /* Release */ = {
			isa = XCBuildConfiguration;
			buildSettings = {
				ALWAYS_SEARCH_USER_PATHS = NO;
				CLANG_ANALYZER_NONNULL = YES;
				CLANG_ANALYZER_NUMBER_OBJECT_CONVERSION = YES_AGGRESSIVE;
				CLANG_CXX_LANGUAGE_STANDARD = "gnu++14";
				CLANG_CXX_LIBRARY = "libc++";
				CLANG_ENABLE_MODULES = YES;
				CLANG_ENABLE_OBJC_ARC = YES;
				CLANG_ENABLE_OBJC_WEAK = YES;
				CLANG_WARN_BLOCK_CAPTURE_AUTORELEASING = YES;
				CLANG_WARN_BOOL_CONVERSION = YES;
				CLANG_WARN_COMMA = YES;
				CLANG_WARN_CONSTANT_CONVERSION = YES;
				CLANG_WARN_DEPRECATED_OBJC_IMPLEMENTATIONS = YES;
				CLANG_WARN_DIRECT_OBJC_ISA_USAGE = YES_ERROR;
				CLANG_WARN_DOCUMENTATION_COMMENTS = YES;
				CLANG_WARN_EMPTY_BODY = YES;
				CLANG_WARN_ENUM_CONVERSION = YES;
				CLANG_WARN_INFINITE_RECURSION = YES;
				CLANG_WARN_INT_CONVERSION = YES;
				CLANG_WARN_NON_LITERAL_NULL_CONVERSION = YES;
				CLANG_WARN_OBJC_IMPLICIT_RETAIN_SELF = YES;
				CLANG_WARN_OBJC_LITERAL_CONVERSION = YES;
				CLANG_WARN_OBJC_ROOT_CLASS = YES_ERROR;
				CLANG_WARN_RANGE_LOOP_ANALYSIS = YES;
				CLANG_WARN_STRICT_PROTOTYPES = YES;
				CLANG_WARN_SUSPICIOUS_MOVE = YES;
				CLANG_WARN_UNGUARDED_AVAILABILITY = YES_AGGRESSIVE;
				CLANG_WARN_UNREACHABLE_CODE = YES;
				CLANG_WARN__DUPLICATE_METHOD_MATCH = YES;
				CODE_SIGN_IDENTITY = "iPhone Developer";
				COPY_PHASE_STRIP = NO;
				DEBUG_INFORMATION_FORMAT = "dwarf-with-dsym";
				ENABLE_NS_ASSERTIONS = NO;
				ENABLE_STRICT_OBJC_MSGSEND = YES;
				GCC_C_LANGUAGE_STANDARD = gnu11;
				GCC_NO_COMMON_BLOCKS = YES;
				GCC_WARN_64_TO_32_BIT_CONVERSION = YES;
				GCC_WARN_ABOUT_RETURN_TYPE = YES_ERROR;
				GCC_WARN_UNDECLARED_SELECTOR = YES;
				GCC_WARN_UNINITIALIZED_AUTOS = YES_AGGRESSIVE;
				GCC_WARN_UNUSED_FUNCTION = YES;
				GCC_WARN_UNUSED_VARIABLE = YES;
				IPHONEOS_DEPLOYMENT_TARGET = 12.1;
				MTL_ENABLE_DEBUG_INFO = NO;
				MTL_FAST_MATH = YES;
				SDKROOT = iphoneos;
				SWIFT_COMPILATION_MODE = wholemodule;
				SWIFT_OPTIMIZATION_LEVEL = "-O";
				VALIDATE_PRODUCT = YES;
			};
			name = Release;
		};
		8EA7E3B2220EAAF800C1A1B4 /* Debug */ = {
			isa = XCBuildConfiguration;
			baseConfigurationReference = 3331DC0F88305A58E4E0A888 /* Pods-DouYu.debug.xcconfig */;
			buildSettings = {
				ASSETCATALOG_COMPILER_APPICON_NAME = AppIcon;
				ASSETCATALOG_COMPILER_LAUNCHIMAGE_NAME = LaunchImage;
				CODE_SIGN_STYLE = Automatic;
				DEVELOPMENT_TEAM = 7LCU98PZPS;
				INFOPLIST_FILE = DouYu/Info.plist;
				IPHONEOS_DEPLOYMENT_TARGET = 9.0;
				LD_RUNPATH_SEARCH_PATHS = (
					"$(inherited)",
					"@executable_path/Frameworks",
				);
				PRODUCT_BUNDLE_IDENTIFIER = com.zhunjiee.DouYu;
				PRODUCT_NAME = "$(TARGET_NAME)";
				SWIFT_VERSION = 4.2;
				TARGETED_DEVICE_FAMILY = 1;
			};
			name = Debug;
		};
		8EA7E3B3220EAAF800C1A1B4 /* Release */ = {
			isa = XCBuildConfiguration;
			baseConfigurationReference = EF60D93946065EEDED8FE0A3 /* Pods-DouYu.release.xcconfig */;
			buildSettings = {
				ASSETCATALOG_COMPILER_APPICON_NAME = AppIcon;
				ASSETCATALOG_COMPILER_LAUNCHIMAGE_NAME = LaunchImage;
				CODE_SIGN_STYLE = Automatic;
				DEVELOPMENT_TEAM = 7LCU98PZPS;
				INFOPLIST_FILE = DouYu/Info.plist;
				IPHONEOS_DEPLOYMENT_TARGET = 9.0;
				LD_RUNPATH_SEARCH_PATHS = (
					"$(inherited)",
					"@executable_path/Frameworks",
				);
				PRODUCT_BUNDLE_IDENTIFIER = com.zhunjiee.DouYu;
				PRODUCT_NAME = "$(TARGET_NAME)";
				SWIFT_VERSION = 4.2;
				TARGETED_DEVICE_FAMILY = 1;
			};
			name = Release;
		};
		8EA7E3B5220EAAF800C1A1B4 /* Debug */ = {
			isa = XCBuildConfiguration;
			buildSettings = {
				ALWAYS_EMBED_SWIFT_STANDARD_LIBRARIES = YES;
				BUNDLE_LOADER = "$(TEST_HOST)";
				CODE_SIGN_STYLE = Automatic;
				DEVELOPMENT_TEAM = 7LCU98PZPS;
				INFOPLIST_FILE = DouYuTests/Info.plist;
				LD_RUNPATH_SEARCH_PATHS = (
					"$(inherited)",
					"@executable_path/Frameworks",
					"@loader_path/Frameworks",
				);
				PRODUCT_BUNDLE_IDENTIFIER = com.zhunjiee.DouYuTests;
				PRODUCT_NAME = "$(TARGET_NAME)";
				SWIFT_VERSION = 4.2;
				TARGETED_DEVICE_FAMILY = "1,2";
				TEST_HOST = "$(BUILT_PRODUCTS_DIR)/DouYu.app/DouYu";
			};
			name = Debug;
		};
		8EA7E3B6220EAAF800C1A1B4 /* Release */ = {
			isa = XCBuildConfiguration;
			buildSettings = {
				ALWAYS_EMBED_SWIFT_STANDARD_LIBRARIES = YES;
				BUNDLE_LOADER = "$(TEST_HOST)";
				CODE_SIGN_STYLE = Automatic;
				DEVELOPMENT_TEAM = 7LCU98PZPS;
				INFOPLIST_FILE = DouYuTests/Info.plist;
				LD_RUNPATH_SEARCH_PATHS = (
					"$(inherited)",
					"@executable_path/Frameworks",
					"@loader_path/Frameworks",
				);
				PRODUCT_BUNDLE_IDENTIFIER = com.zhunjiee.DouYuTests;
				PRODUCT_NAME = "$(TARGET_NAME)";
				SWIFT_VERSION = 4.2;
				TARGETED_DEVICE_FAMILY = "1,2";
				TEST_HOST = "$(BUILT_PRODUCTS_DIR)/DouYu.app/DouYu";
			};
			name = Release;
		};
		8EA7E3B8220EAAF800C1A1B4 /* Debug */ = {
			isa = XCBuildConfiguration;
			buildSettings = {
				ALWAYS_EMBED_SWIFT_STANDARD_LIBRARIES = YES;
				CODE_SIGN_STYLE = Automatic;
				DEVELOPMENT_TEAM = 7LCU98PZPS;
				INFOPLIST_FILE = DouYuUITests/Info.plist;
				LD_RUNPATH_SEARCH_PATHS = (
					"$(inherited)",
					"@executable_path/Frameworks",
					"@loader_path/Frameworks",
				);
				PRODUCT_BUNDLE_IDENTIFIER = com.zhunjiee.DouYuUITests;
				PRODUCT_NAME = "$(TARGET_NAME)";
				SWIFT_VERSION = 4.2;
				TARGETED_DEVICE_FAMILY = "1,2";
				TEST_TARGET_NAME = DouYu;
			};
			name = Debug;
		};
		8EA7E3B9220EAAF800C1A1B4 /* Release */ = {
			isa = XCBuildConfiguration;
			buildSettings = {
				ALWAYS_EMBED_SWIFT_STANDARD_LIBRARIES = YES;
				CODE_SIGN_STYLE = Automatic;
				DEVELOPMENT_TEAM = 7LCU98PZPS;
				INFOPLIST_FILE = DouYuUITests/Info.plist;
				LD_RUNPATH_SEARCH_PATHS = (
					"$(inherited)",
					"@executable_path/Frameworks",
					"@loader_path/Frameworks",
				);
				PRODUCT_BUNDLE_IDENTIFIER = com.zhunjiee.DouYuUITests;
				PRODUCT_NAME = "$(TARGET_NAME)";
				SWIFT_VERSION = 4.2;
				TARGETED_DEVICE_FAMILY = "1,2";
				TEST_TARGET_NAME = DouYu;
			};
			name = Release;
		};
/* End XCBuildConfiguration section */

/* Begin XCConfigurationList section */
		8EA7E384220EAAF500C1A1B4 /* Build configuration list for PBXProject "DouYu" */ = {
			isa = XCConfigurationList;
			buildConfigurations = (
				8EA7E3AF220EAAF800C1A1B4 /* Debug */,
				8EA7E3B0220EAAF800C1A1B4 /* Release */,
			);
			defaultConfigurationIsVisible = 0;
			defaultConfigurationName = Release;
		};
		8EA7E3B1220EAAF800C1A1B4 /* Build configuration list for PBXNativeTarget "DouYu" */ = {
			isa = XCConfigurationList;
			buildConfigurations = (
				8EA7E3B2220EAAF800C1A1B4 /* Debug */,
				8EA7E3B3220EAAF800C1A1B4 /* Release */,
			);
			defaultConfigurationIsVisible = 0;
			defaultConfigurationName = Release;
		};
		8EA7E3B4220EAAF800C1A1B4 /* Build configuration list for PBXNativeTarget "DouYuTests" */ = {
			isa = XCConfigurationList;
			buildConfigurations = (
				8EA7E3B5220EAAF800C1A1B4 /* Debug */,
				8EA7E3B6220EAAF800C1A1B4 /* Release */,
			);
			defaultConfigurationIsVisible = 0;
			defaultConfigurationName = Release;
		};
		8EA7E3B7220EAAF800C1A1B4 /* Build configuration list for PBXNativeTarget "DouYuUITests" */ = {
			isa = XCConfigurationList;
			buildConfigurations = (
				8EA7E3B8220EAAF800C1A1B4 /* Debug */,
				8EA7E3B9220EAAF800C1A1B4 /* Release */,
			);
			defaultConfigurationIsVisible = 0;
			defaultConfigurationName = Release;
		};
/* End XCConfigurationList section */
	};
	rootObject = 8EA7E381220EAAF500C1A1B4 /* Project object */;
}
